
Microsoft Visual Studio Solution File, Format Version 12.00
# Visual Studio Version 17
VisualStudioVersion = 17.0.31903.59
MinimumVisualStudioVersion = 10.0.40219.1
Project("{2150E333-8FDC-42A3-9474-1A3956D46DE8}") = "src", "src", "{0D737CF0-EEE6-41C9-8A33-6CD67DFD9B3B}"
EndProject
Project("{FAE04EC0-301F-11D3-BF4B-00C04F79EFBC}") = "Mtkey.Core", "src\Mtkey.Core\Mtkey.Core.csproj", "{D1AD5117-9045-486E-A171-7B02380EF11F}"
EndProject
Project("{FAE04EC0-301F-11D3-BF4B-00C04F79EFBC}") = "Mtkey", "src\Mtkey\Mtkey.csproj", "{F7D08175-FB21-4C7C-B4E9-230F4624DA06}"
EndProject
Project("{2150E333-8FDC-42A3-9474-1A3956D46DE8}") = "tests", "tests", "{AA3F752A-8E14-4BD3-9ADC-16A10AB4E998}"
EndProject
Project("{FAE04EC0-301F-11D3-BF4B-00C04F79EFBC}") = "Mtkey.Tests", "tests\Mtkey.Tests\Mtkey.Tests.csproj", "{F17259A5-8A9C-4AD2-8865-F6A27295FB97}"
EndProject
Global
	GlobalSection(SolutionConfigurationPlatforms) = preSolution
		Debug|Any CPU = Debug|Any CPU
		Release|Any CPU = Release|Any CPU
	EndGlobalSection
	GlobalSection(SolutionProperties) = preSolution
		HideSolutionNode = FALSE
	EndGlobalSection
	GlobalSection(ProjectConfigurationPlatforms) = postSolution
		{D1AD5117-9045-486E-A171-7B02380EF11F}.Debug|Any CPU.ActiveCfg = Debug|Any CPU
		{D1AD5117-9045-486E-A171-7B02380EF11F}.Debug|Any CPU.Build.0 = Debug|Any CPU
		{D1AD5117-9045-486E-A171-7B02380EF11F}.Release|Any CPU.ActiveCfg = Release|Any CPU
		{D1AD5117-9045-486E-A171-7B02380EF11F}.Release|Any CPU.Build.0 = Release|Any CPU
		{F7D08175-FB21-4C7C-B4E9-230F4624DA06}.Debug|Any CPU.ActiveCfg = Debug|Any CPU
		{F7D08175-FB21-4C7C-B4E9-230F4624DA06}.Debug|Any CPU.Build.0 = Debug|Any CPU
		{F7D08175-FB21-4C7C-B4E9-230F4624DA06}.Release|Any CPU.ActiveCfg = Release|Any CPU
		{F7D08175-FB21-4C7C-B4E9-230F4624DA06}.Release|Any CPU.Build.0 = Release|Any CPU
		{F17259A5-8A9C-4AD2-8865-F6A27295FB97}.Debug|Any CPU.ActiveCfg = Debug|Any CPU
		{F17259A5-8A9C-4AD2-8865-F6A27295FB97}.Debug|Any CPU.Build.0 = Debug|Any CPU
		{F17259A5-8A9C-4AD2-8865-F6A27295FB97}.Release|Any CPU.ActiveCfg = Release|Any CPU
		{F17259A5-8A9C-4AD2-8865-F6A27295FB97}.Release|Any CPU.Build.0 = Release|Any CPU
	EndGlobalSection
	GlobalSection(NestedProjects) = preSolution
		{D1AD5117-9045-486E-A171-7B02380EF11F} = {0D737CF0-EEE6-41C9-8A33-6CD67DFD9B3B}
		{F7D08175-FB21-4C7C-B4E9-230F4624DA06} = {0D737CF0-EEE6-41C9-8A33-6CD67DFD9B3B}
		{F17259A5-8A9C-4AD2-8865-F6A27295FB97} = {AA3F752A-8E14-4BD3-9ADC-16A10AB4E998}
	EndGlobalSection
EndGlobal
